
Microsoft Visual Studio Solution File, Format Version 12.00
# Visual Studio Version 17
VisualStudioVersion = 17.13.35931.197
MinimumVisualStudioVersion = 10.0.40219.1
Project("{2150E333-8FDC-42A3-9474-1A3956D46DE8}") = "Project", "Project", "{02EA681E-C7D8-13C7-8484-4AC65E1B71E8}"
EndProject
Project("{2150E333-8FDC-42A3-9474-1A3956D46DE8}") = "Feature", "Feature", "{47145D3A-272B-4E26-BF62-31C13F1501B5}"
EndProject
Project("{2150E333-8FDC-42A3-9474-1A3956D46DE8}") = "Foundation", "Foundation", "{65F3A79B-A9F9-4BB5-99D7-95FCBD0C5B92}"
EndProject
Project("{2150E333-8FDC-42A3-9474-1A3956D46DE8}") = "Environment", "Environment", "{A6A5F76E-07C3-41A2-B621-4744828FB3D7}"
EndProject
Project("{2150E333-8FDC-42A3-9474-1A3956D46DE8}") = "CognizantWeb", "CognizantWeb", "{67BDFA1D-A214-44B9-AF97-82DD8C5CF228}"
EndProject
Project("{FAE04EC0-301F-11D3-BF4B-00C04F79EFBC}") = "CognizantPlc.Project.CognizantWeb", "src\Project\CognizantWeb\website\CognizantPlc.Project.CognizantWeb.csproj", "{31CD4B63-ABA5-403A-B4B9-1F25F5CBB3E5}"
EndProject
Project("{2150E333-8FDC-42A3-9474-1A3956D46DE8}") = "BasicContent", "BasicContent", "{A90F1F98-3B5C-4F02-B559-888EAAA4AD1F}"
EndProject
Project("{FAE04EC0-301F-11D3-BF4B-00C04F79EFBC}") = "CognizantPlc.Feature.BasicContent", "src\Feature\BasicContent\website\CognizantPlc.Feature.BasicContent.csproj", "{32C51B96-F3F3-4564-B712-C36D8C76482C}"
EndProject
Project("{2150E333-8FDC-42A3-9474-1A3956D46DE8}") = "Navigation", "Navigation", "{A19623AC-BFCC-4A5F-918A-B1C7799836C4}"
EndProject
Project("{FAE04EC0-301F-11D3-BF4B-00C04F79EFBC}") = "CognizantPlc.Feature.Navigation", "src\Feature\Navigation\website\CognizantPlc.Feature.Navigation.csproj", "{D6AF216C-66A1-44C5-84A5-AE3DA6192266}"
EndProject
Project("{2150E333-8FDC-42A3-9474-1A3956D46DE8}") = "Serialization", "Serialization", "{2437CE09-3203-4857-98BD-B7C58E73A5BD}"
EndProject
Project("{2150E333-8FDC-42A3-9474-1A3956D46DE8}") = "Customization", "Customization", "{3BBCCD2C-DBD4-4134-AC2B-6C2EDFA75A40}"
EndProject
Project("{FAE04EC0-301F-11D3-BF4B-00C04F79EFBC}") = "CognizantPlc.Foundation.Serialization", "src\Foundation\Serialization\website\CognizantPlc.Foundation.Serialization.csproj", "{A004C3CC-72B1-4B89-9651-715FCC99D41A}"
EndProject
Project("{FAE04EC0-301F-11D3-BF4B-00C04F79EFBC}") = "CognizantPlc.Foundation.Customization", "src\Foundation\Customization\website\CognizantPlc.Foundation.Customization.csproj", "{139E778E-8328-47B7-BC1D-C995CD7B6641}"
EndProject
Global
	GlobalSection(SolutionConfigurationPlatforms) = preSolution
		Debug|Any CPU = Debug|Any CPU
		Release|Any CPU = Release|Any CPU
	EndGlobalSection
	GlobalSection(ProjectConfigurationPlatforms) = postSolution
		{31CD4B63-ABA5-403A-B4B9-1F25F5CBB3E5}.Debug|Any CPU.ActiveCfg = Debug|Any CPU
		{31CD4B63-ABA5-403A-B4B9-1F25F5CBB3E5}.Debug|Any CPU.Build.0 = Debug|Any CPU
		{31CD4B63-ABA5-403A-B4B9-1F25F5CBB3E5}.Release|Any CPU.ActiveCfg = Release|Any CPU
		{31CD4B63-ABA5-403A-B4B9-1F25F5CBB3E5}.Release|Any CPU.Build.0 = Release|Any CPU
		{32C51B96-F3F3-4564-B712-C36D8C76482C}.Debug|Any CPU.ActiveCfg = Debug|Any CPU
		{32C51B96-F3F3-4564-B712-C36D8C76482C}.Debug|Any CPU.Build.0 = Debug|Any CPU
		{32C51B96-F3F3-4564-B712-C36D8C76482C}.Release|Any CPU.ActiveCfg = Release|Any CPU
		{32C51B96-F3F3-4564-B712-C36D8C76482C}.Release|Any CPU.Build.0 = Release|Any CPU
		{D6AF216C-66A1-44C5-84A5-AE3DA6192266}.Debug|Any CPU.ActiveCfg = Debug|Any CPU
		{D6AF216C-66A1-44C5-84A5-AE3DA6192266}.Debug|Any CPU.Build.0 = Debug|Any CPU
		{D6AF216C-66A1-44C5-84A5-AE3DA6192266}.Release|Any CPU.ActiveCfg = Release|Any CPU
		{D6AF216C-66A1-44C5-84A5-AE3DA6192266}.Release|Any CPU.Build.0 = Release|Any CPU
		{A004C3CC-72B1-4B89-9651-715FCC99D41A}.Debug|Any CPU.ActiveCfg = Debug|Any CPU
		{A004C3CC-72B1-4B89-9651-715FCC99D41A}.Debug|Any CPU.Build.0 = Debug|Any CPU
		{A004C3CC-72B1-4B89-9651-715FCC99D41A}.Release|Any CPU.ActiveCfg = Release|Any CPU
		{A004C3CC-72B1-4B89-9651-715FCC99D41A}.Release|Any CPU.Build.0 = Release|Any CPU
		{139E778E-8328-47B7-BC1D-C995CD7B6641}.Debug|Any CPU.ActiveCfg = Debug|Any CPU
		{139E778E-8328-47B7-BC1D-C995CD7B6641}.Debug|Any CPU.Build.0 = Debug|Any CPU
		{139E778E-8328-47B7-BC1D-C995CD7B6641}.Release|Any CPU.ActiveCfg = Release|Any CPU
		{139E778E-8328-47B7-BC1D-C995CD7B6641}.Release|Any CPU.Build.0 = Release|Any CPU
	EndGlobalSection
	GlobalSection(SolutionProperties) = preSolution
		HideSolutionNode = FALSE
	EndGlobalSection
	GlobalSection(NestedProjects) = preSolution
		{67BDFA1D-A214-44B9-AF97-82DD8C5CF228} = {02EA681E-C7D8-13C7-8484-4AC65E1B71E8}
		{31CD4B63-ABA5-403A-B4B9-1F25F5CBB3E5} = {67BDFA1D-A214-44B9-AF97-82DD8C5CF228}
		{A90F1F98-3B5C-4F02-B559-888EAAA4AD1F} = {47145D3A-272B-4E26-BF62-31C13F1501B5}
		{32C51B96-F3F3-4564-B712-C36D8C76482C} = {A90F1F98-3B5C-4F02-B559-888EAAA4AD1F}
		{A19623AC-BFCC-4A5F-918A-B1C7799836C4} = {47145D3A-272B-4E26-BF62-31C13F1501B5}
		{D6AF216C-66A1-44C5-84A5-AE3DA6192266} = {A19623AC-BFCC-4A5F-918A-B1C7799836C4}
		{2437CE09-3203-4857-98BD-B7C58E73A5BD} = {65F3A79B-A9F9-4BB5-99D7-95FCBD0C5B92}
		{3BBCCD2C-DBD4-4134-AC2B-6C2EDFA75A40} = {65F3A79B-A9F9-4BB5-99D7-95FCBD0C5B92}
		{A004C3CC-72B1-4B89-9651-715FCC99D41A} = {2437CE09-3203-4857-98BD-B7C58E73A5BD}
		{139E778E-8328-47B7-BC1D-C995CD7B6641} = {3BBCCD2C-DBD4-4134-AC2B-6C2EDFA75A40}
	EndGlobalSection
	GlobalSection(ExtensibilityGlobals) = postSolution
		SolutionGuid = {3D2D63D6-A4BA-419A-9270-57982736E625}
	EndGlobalSection
EndGlobal
